# THIS IS AN AUTOGENERATED FILE. DO NOT EDIT THIS FILE DIRECTLY.
# yarn lockfile v1


"@cloudflare/wrangler@^1.19.12":
  version "1.19.12"
  resolved "https://registry.npmjs.org/@cloudflare/wrangler/-/wrangler-1.19.12.tgz"
  integrity sha512-ALuQDzJetYGqzNuIa3KY8S8X9rvZjIh5uEY3nK31jV/EmBamiiSJn4XIdPuSn65FaEmmZem78OJIWFyu80OIuA==
  dependencies:
    axios "^0.21.1"
    rimraf "^3.0.2"
    tar "^6.1.10"

"@iarna/toml@^2.2.5":
  version "2.2.5"
  resolved "https://registry.npmjs.org/@iarna/toml/-/toml-2.2.5.tgz"
  integrity sha512-trnsAYxU3xnS1gPHPyU961coFyLkh4gAD/0zQ5mymY4yOZ+CYvsPqUbOFSw0aDM4y0tV7tiFxL/1XfXPNC6IPg==

"@miniflare/cache@2.12.0":
  version "2.12.0"
  resolved "https://registry.npmjs.org/@miniflare/cache/-/cache-2.12.0.tgz"
  integrity sha512-rAeuCqjevXrNbMimN22Sa70PieiHvjeILHDOBObQ/0GqVNn/cFO6L/v9GYT8R4X5XhHoIuqo6cvZQrxERySDyQ==
  dependencies:
    "@miniflare/core" "2.12.0"
    "@miniflare/shared" "2.12.0"
    http-cache-semantics "^4.1.0"
    undici "5.11.0"

"@miniflare/cli-parser@2.12.0":
  version "2.12.0"
  resolved "https://registry.npmjs.org/@miniflare/cli-parser/-/cli-parser-2.12.0.tgz"
  integrity sha512-F+fUhJbAAqlKHfFHRyP/jsbNwP57uAU/IypLg+0i1mEhy1foq6XAVQrldsmHZPvKp/YUHWyMxKcWeDfMY3qnxg==
  dependencies:
    "@miniflare/shared" "2.12.0"
    kleur "^4.1.4"

"@miniflare/core@2.12.0":
  version "2.12.0"
  resolved "https://registry.npmjs.org/@miniflare/core/-/core-2.12.0.tgz"
  integrity sha512-TrlmF3lrXhPlkheNiYGFkVTEhZyN/ok7F42+csE7UDPZpm94n4VqbT/85ssAy5rOJRVlyscHMExrrPeB40L34A==
  dependencies:
    "@iarna/toml" "^2.2.5"
    "@miniflare/queues" "2.12.0"
    "@miniflare/shared" "2.12.0"
    "@miniflare/watcher" "2.12.0"
    busboy "^1.6.0"
    dotenv "^10.0.0"
    kleur "^4.1.4"
    set-cookie-parser "^2.4.8"
    undici "5.11.0"
    urlpattern-polyfill "^4.0.3"

"@miniflare/d1@2.12.0":
  version "2.12.0"
  resolved "https://registry.npmjs.org/@miniflare/d1/-/d1-2.12.0.tgz"
  integrity sha512-KmaJoXnijuwldplWYnORy3/A2H6XKtrk51HUUe3hg6/JL46L3c7iRrKmruYUC5VtVwWMpvWzGT5uQfpdGQdiHw==
  dependencies:
    "@miniflare/core" "2.12.0"
    "@miniflare/shared" "2.12.0"

"@miniflare/durable-objects@2.12.0":
  version "2.12.0"
  resolved "https://registry.npmjs.org/@miniflare/durable-objects/-/durable-objects-2.12.0.tgz"
  integrity sha512-tK0teVpYlT6R2rjvUlLoqf/7+3K3/XKzkJnG40Rtn6pNddtIyzGilmc8YHUpw3FFhOLaN+o5bDe01PRjOAQ9vA==
  dependencies:
    "@miniflare/core" "2.12.0"
    "@miniflare/shared" "2.12.0"
    "@miniflare/storage-memory" "2.12.0"
    undici "5.11.0"

"@miniflare/html-rewriter@2.12.0":
  version "2.12.0"
  resolved "https://registry.npmjs.org/@miniflare/html-rewriter/-/html-rewriter-2.12.0.tgz"
  integrity sha512-aNZUh9uTr6nFg2Pn4sB5swRCBA/Oj66N8kDWZhjy56jpFq9w3XuZKc80GuPXKak9n4yLZB4d+cpEK4aVmn7cFg==
  dependencies:
    "@miniflare/core" "2.12.0"
    "@miniflare/shared" "2.12.0"
    html-rewriter-wasm "^0.4.1"
    undici "5.11.0"

"@miniflare/http-server@2.12.0":
  version "2.12.0"
  resolved "https://registry.npmjs.org/@miniflare/http-server/-/http-server-2.12.0.tgz"
  integrity sha512-OWOssYXgKUYpbzhMD0l5Lq4j0GLNQLXLaraQrhmTK/x1Y4RVPcrlEgShoQ/Adlmc9rU3LEV8uQBXLAfYCQrH3Q==
  dependencies:
    "@miniflare/core" "2.12.0"
    "@miniflare/shared" "2.12.0"
    "@miniflare/web-sockets" "2.12.0"
    kleur "^4.1.4"
    selfsigned "^2.0.0"
    undici "5.11.0"
    ws "^8.2.2"
    youch "^2.2.2"

"@miniflare/kv@2.12.0":
  version "2.12.0"
  resolved "https://registry.npmjs.org/@miniflare/kv/-/kv-2.12.0.tgz"
  integrity sha512-7EvlgeOeIDEFcFyimzuErkqhS1sB7MqRur7z07VmzdpEx3Ud15/XNGANSM0jd4Iv8pLPPJAq4ESnoJPS7R6m+Q==
  dependencies:
    "@miniflare/shared" "2.12.0"

"@miniflare/queues@2.12.0":
  version "2.12.0"
  resolved "https://registry.npmjs.org/@miniflare/queues/-/queues-2.12.0.tgz"
  integrity sha512-NSR2lSpK4xrrugj3vDaA9181sCydshff/1onAz7ypHOpWMrFebM8BWBeAT7Q1ktkn6633ropqHdOzwjByJj0EQ==
  dependencies:
    "@miniflare/shared" "2.12.0"

"@miniflare/r2@2.12.0":
  version "2.12.0"
  resolved "https://registry.npmjs.org/@miniflare/r2/-/r2-2.12.0.tgz"
  integrity sha512-FW9s61B3AOXbKfGNXnDKMVF7Tbx12f7+W/4HJdrqeuu1bgG9oBhCLELZ9UrIPNw3QF5a6Z39pKGu3HnxuH59Mg==
  dependencies:
    "@miniflare/shared" "2.12.0"
    undici "5.11.0"

"@miniflare/runner-vm@2.12.0":
  version "2.12.0"
  resolved "https://registry.npmjs.org/@miniflare/runner-vm/-/runner-vm-2.12.0.tgz"
  integrity sha512-4o0VGR9ih3fp+np1L94W/nxGf2M0gTe/3drZjUmCHvgPsdBcUHqhquT3uEVX3x7HBhCKprU1X5VifMOVRo+Zwg==
  dependencies:
    "@miniflare/shared" "2.12.0"

"@miniflare/scheduler@2.12.0":
  version "2.12.0"
  resolved "https://registry.npmjs.org/@miniflare/scheduler/-/scheduler-2.12.0.tgz"
  integrity sha512-mFh+xxwbPHiUGP/8o2Qe63m/4ianMdb0MkPMksTP1gg/xRj0nybv7gj0V/iZ+RrjM0t1mYoA0keT3RjgpKlDEA==
  dependencies:
    "@miniflare/core" "2.12.0"
    "@miniflare/shared" "2.12.0"
    cron-schedule "^3.0.4"

"@miniflare/shared@2.12.0":
  version "2.12.0"
  resolved "https://registry.npmjs.org/@miniflare/shared/-/shared-2.12.0.tgz"
  integrity sha512-hxBZv0bhiSuUwEtIBmfnBvH3Zfv4OU0LVtKGc98icGQyI5pocBhMy9bXthZdEybQv7MikVp5HEFV2KRCudg2GA==
  dependencies:
    "@types/better-sqlite3" "^7.6.0"
    kleur "^4.1.4"
    npx-import "^1.1.4"
    picomatch "^2.3.1"

"@miniflare/sites@2.12.0":
  version "2.12.0"
  resolved "https://registry.npmjs.org/@miniflare/sites/-/sites-2.12.0.tgz"
  integrity sha512-ueUSfELJPzIWrv75HWpcMc989+LYZgwzglagW/pYC/oMc0fVYOXC6Ro/MUBrR3yUA9i8ySap4NOK3oO9dsSR9Q==
  dependencies:
    "@miniflare/kv" "2.12.0"
    "@miniflare/shared" "2.12.0"
    "@miniflare/storage-file" "2.12.0"

"@miniflare/storage-file@2.12.0":
  version "2.12.0"
  resolved "https://registry.npmjs.org/@miniflare/storage-file/-/storage-file-2.12.0.tgz"
  integrity sha512-KA1Uh02pE82McUr07b1oW4kv6dkE1xjBhjY0L0JzNT7tfm6yUvv1u3Xp0r84x5BC7p/0yqVq2zWE7PC+smbqyQ==
  dependencies:
    "@miniflare/shared" "2.12.0"
    "@miniflare/storage-memory" "2.12.0"

"@miniflare/storage-memory@2.12.0":
  version "2.12.0"
  resolved "https://registry.npmjs.org/@miniflare/storage-memory/-/storage-memory-2.12.0.tgz"
  integrity sha512-riBoz0p8xKyPUbYy3HUc1mowAMinTxhkdBVorrdqAUucwK4HLGpVL9C1q8e10JZYpHkl/wde4puQId2ajWP+lg==
  dependencies:
    "@miniflare/shared" "2.12.0"

"@miniflare/watcher@2.12.0":
  version "2.12.0"
  resolved "https://registry.npmjs.org/@miniflare/watcher/-/watcher-2.12.0.tgz"
  integrity sha512-IH4bENdS2xM+KhlJ/1wAt0FGtOClQ+ortaycIA/FTxaS7v+hu3qha6DlV3/LKM1y3r1IcPK5+fEDrf+RPcEgJA==
  dependencies:
    "@miniflare/shared" "2.12.0"

"@miniflare/web-sockets@2.12.0":
  version "2.12.0"
  resolved "https://registry.npmjs.org/@miniflare/web-sockets/-/web-sockets-2.12.0.tgz"
  integrity sha512-g8evGvmku5t6BdDDPvhhnpmTJU/iMJhwpMFRdX1j3gzY5aLjpS8E2ISE5hrXZyasygyYqrD0oMoAulI3R9PHog==
  dependencies:
    "@miniflare/core" "2.12.0"
    "@miniflare/shared" "2.12.0"
    undici "5.11.0"
    ws "^8.2.2"

"@types/better-sqlite3@^7.6.0":
  version "7.6.3"
  resolved "https://registry.npmjs.org/@types/better-sqlite3/-/better-sqlite3-7.6.3.tgz"
  integrity sha512-YS64N9SNDT/NAvou3QNdzAu3E2om/W/0dhORimtPGLef+zSK5l1vDzfsWb4xgXOgfhtOI5ZDTRxnvRPb22AIVQ==
  dependencies:
    "@types/node" "*"

"@types/node@*":
  version "18.13.0"
  resolved "https://registry.npmjs.org/@types/node/-/node-18.13.0.tgz"
  integrity sha512-gC3TazRzGoOnoKAhUx+Q0t8S9Tzs74z7m0ipwGpSqQrleP14hKxP4/JUeEQcD3W1/aIpnWl8pHowI7WokuZpXg==

"@types/stack-trace@0.0.29":
  version "0.0.29"
  resolved "https://registry.npmjs.org/@types/stack-trace/-/stack-trace-0.0.29.tgz"
  integrity sha512-TgfOX+mGY/NyNxJLIbDWrO9DjGoVSW9+aB8H2yy1fy32jsvxijhmyJI9fDFgvz3YP4lvJaq9DzdR/M1bOgVc9g==

axios@^0.21.1:
  version "0.21.4"
  resolved "https://registry.npmjs.org/axios/-/axios-0.21.4.tgz"
  integrity sha512-ut5vewkiu8jjGBdqpM44XxjuCjq9LAKeHVmoVfHVzy8eHgxxq8SbAVQNovDA8mVi05kP0Ea/n/UzcSHcTJQfNg==
  dependencies:
    follow-redirects "^1.14.0"

balanced-match@^1.0.0:
  version "1.0.0"
  resolved "https://registry.npmjs.org/balanced-match/-/balanced-match-1.0.0.tgz"
  integrity sha1-ibTRmasr7kneFk6gK4nORi1xt2c=

boolbase@^1.0.0:
  version "1.0.0"
  resolved "https://registry.npmjs.org/boolbase/-/boolbase-1.0.0.tgz"
  integrity sha512-JZOSA7Mo9sNGB8+UjSgzdLtokWAky1zbztM3WRLCbZ70/3cTANmQmOdR7y2g+J0e2WXywy1yS468tY+IruqEww==

brace-expansion@^1.1.7:
  version "1.1.11"
  resolved "https://registry.npmjs.org/brace-expansion/-/brace-expansion-1.1.11.tgz"
  integrity sha512-iCuPHDFgrHX7H2vEI/5xpz07zSHB00TpugqhmYtVmMO6518mCuRMoOYFldEBl0g187ufozdaHgWKcYFb61qGiA==
  dependencies:
    balanced-match "^1.0.0"
    concat-map "0.0.1"

buffer-from@^1.0.0:
  version "1.1.2"
  resolved "https://registry.npmjs.org/buffer-from/-/buffer-from-1.1.2.tgz"
  integrity sha512-E+XQCRwSbaaiChtv6k6Dwgc+bx+Bs6vuKJHHl5kox/BaKbhiXzqQOwK4cO22yElGp2OCmjwVhT3HmxgyPGnJfQ==

builtins@^5.0.0:
  version "5.0.1"
  resolved "https://registry.npmjs.org/builtins/-/builtins-5.0.1.tgz"
  integrity sha512-qwVpFEHNfhYJIzNRBvd2C1kyo6jz3ZSMPyyuR47OPdiKWlbYnZNyDWuyR175qDnAJLiCo5fBBqPb3RiXgWlkOQ==
  dependencies:
    semver "^7.0.0"

busboy@^1.6.0:
  version "1.6.0"
  resolved "https://registry.npmjs.org/busboy/-/busboy-1.6.0.tgz"
  integrity sha512-8SFQbg/0hQ9xy3UNTB0YEnsNBbWfhf7RtnzpL7TkBiTBRfrQ9Fxcnz7VJsleJpyp6rVLvXiuORqjlHi5q+PYuA==
  dependencies:
    streamsearch "^1.1.0"

cheerio-select@^2.1.0:
  version "2.1.0"
  resolved "https://registry.npmjs.org/cheerio-select/-/cheerio-select-2.1.0.tgz"
  integrity sha512-9v9kG0LvzrlcungtnJtpGNxY+fzECQKhK4EGJX2vByejiMX84MFNQw4UxPJl3bFbTMw+Dfs37XaIkCwTZfLh4g==
  dependencies:
    boolbase "^1.0.0"
    css-select "^5.1.0"
    css-what "^6.1.0"
    domelementtype "^2.3.0"
    domhandler "^5.0.3"
    domutils "^3.0.1"

cheerio@^1.0.0-rc.12:
  version "1.0.0-rc.12"
  resolved "https://registry.npmjs.org/cheerio/-/cheerio-1.0.0-rc.12.tgz"
  integrity sha512-VqR8m68vM46BNnuZ5NtnGBKIE/DfN0cRIzg9n40EIq9NOv90ayxLBXA8fXC5gquFRGJSTRqBq25Jt2ECLR431Q==
  dependencies:
    cheerio-select "^2.1.0"
    dom-serializer "^2.0.0"
    domhandler "^5.0.3"
    domutils "^3.0.1"
    htmlparser2 "^8.0.1"
    parse5 "^7.0.0"
    parse5-htmlparser2-tree-adapter "^7.0.0"

chownr@^2.0.0:
  version "2.0.0"
  resolved "https://registry.npmjs.org/chownr/-/chownr-2.0.0.tgz"
  integrity sha512-bIomtDF5KGpdogkLd9VspvFzk9KfpyyGlS8YFVZl7TGPBHL5snIOnxeshwVgPteQ9b4Eydl+pVbIyE1DcvCWgQ==

concat-map@0.0.1:
  version "0.0.1"
  resolved "https://registry.npmjs.org/concat-map/-/concat-map-0.0.1.tgz"
  integrity sha1-2Klr13/Wjfd5OnMDajug1UBdR3s=

cookie@^0.4.1:
  version "0.4.2"
  resolved "https://registry.npmjs.org/cookie/-/cookie-0.4.2.tgz"
  integrity sha512-aSWTXFzaKWkvHO1Ny/s+ePFpvKsPnjc551iI41v3ny/ow6tBG5Vd+FuqGNhh1LxOmVzOlGUriIlOaokOvhaStA==

cron-schedule@^3.0.4:
  version "3.0.6"
  resolved "https://registry.npmjs.org/cron-schedule/-/cron-schedule-3.0.6.tgz"
  integrity sha512-izfGgKyzzIyLaeb1EtZ3KbglkS6AKp9cv7LxmiyoOu+fXfol1tQDC0Cof0enVZGNtudTHW+3lfuW9ZkLQss4Wg==

cross-spawn@^7.0.3:
  version "7.0.3"
  resolved "https://registry.npmjs.org/cross-spawn/-/cross-spawn-7.0.3.tgz"
  integrity sha512-iRDPJKUPVEND7dHPO8rkbOnPpyDygcDFtWjpeWNCgy8WP2rXcxXL8TskReQl6OrB2G7+UJrags1q15Fudc7G6w==
  dependencies:
    path-key "^3.1.0"
    shebang-command "^2.0.0"
    which "^2.0.1"

css-select@^5.1.0:
  version "5.1.0"
  resolved "https://registry.npmjs.org/css-select/-/css-select-5.1.0.tgz"
  integrity sha512-nwoRF1rvRRnnCqqY7updORDsuqKzqYJ28+oSMaJMMgOauh3fvwHqMS7EZpIPqK8GL+g9mKxF1vP/ZjSeNjEVHg==
  dependencies:
    boolbase "^1.0.0"
    css-what "^6.1.0"
    domhandler "^5.0.2"
    domutils "^3.0.1"
    nth-check "^2.0.1"

css-what@^6.1.0:
  version "6.1.0"
  resolved "https://registry.npmjs.org/css-what/-/css-what-6.1.0.tgz"
  integrity sha512-HTUrgRJ7r4dsZKU6GjmpfRK1O76h97Z8MfS1G0FozR+oF2kG6Vfe8JE6zwrkbxigziPHinCJ+gCPjA9EaBDtRw==

dom-serializer@^2.0.0:
  version "2.0.0"
  resolved "https://registry.npmjs.org/dom-serializer/-/dom-serializer-2.0.0.tgz"
  integrity sha512-wIkAryiqt/nV5EQKqQpo3SToSOV9J0DnbJqwK7Wv/Trc92zIAYZ4FlMu+JPFW1DfGFt81ZTCGgDEabffXeLyJg==
  dependencies:
    domelementtype "^2.3.0"
    domhandler "^5.0.2"
    entities "^4.2.0"

domelementtype@^2.3.0:
  version "2.3.0"
  resolved "https://registry.npmjs.org/domelementtype/-/domelementtype-2.3.0.tgz"
  integrity sha512-OLETBj6w0OsagBwdXnPdN0cnMfF9opN69co+7ZrbfPGrdpPVNBUj02spi6B1N7wChLQiPn4CSH/zJvXw56gmHw==

domhandler@^5.0.1, domhandler@^5.0.2, domhandler@^5.0.3:
  version "5.0.3"
  resolved "https://registry.npmjs.org/domhandler/-/domhandler-5.0.3.tgz"
  integrity sha512-cgwlv/1iFQiFnU96XXgROh8xTeetsnJiDsTc7TYCLFd9+/WNkIqPTxiM/8pSd8VIrhXGTf1Ny1q1hquVqDJB5w==
  dependencies:
    domelementtype "^2.3.0"

domutils@^3.0.1:
  version "3.0.1"
  resolved "https://registry.npmjs.org/domutils/-/domutils-3.0.1.tgz"
  integrity sha512-z08c1l761iKhDFtfXO04C7kTdPBLi41zwOZl00WS8b5eiaebNpY00HKbztwBq+e3vyqWNwWF3mP9YLUeqIrF+Q==
  dependencies:
    dom-serializer "^2.0.0"
    domelementtype "^2.3.0"
    domhandler "^5.0.1"

dotenv@^10.0.0:
  version "10.0.0"
  resolved "https://registry.npmjs.org/dotenv/-/dotenv-10.0.0.tgz"
  integrity sha512-rlBi9d8jpv9Sf1klPjNfFAuWDjKLwTIJJ/VxtoTwIR6hnZxcEOQCZg2oIL3MWBYw5GpUDKOEnND7LXTbIpQ03Q==

entities@^4.2.0, entities@^4.3.0, entities@^4.4.0:
  version "4.4.0"
  resolved "https://registry.npmjs.org/entities/-/entities-4.4.0.tgz"
  integrity sha512-oYp7156SP8LkeGD0GF85ad1X9Ai79WtRsZ2gxJqtBuzH+98YUV6jkHEKlZkMbcrjJjIVJNIDP/3WL9wQkoPbWA==

execa@^6.1.0:
  version "6.1.0"
  resolved "https://registry.npmjs.org/execa/-/execa-6.1.0.tgz"
  integrity sha512-QVWlX2e50heYJcCPG0iWtf8r0xjEYfz/OYLGDYH+IyjWezzPNxz63qNFOu0l4YftGWuizFVZHHs8PrLU5p2IDA==
  dependencies:
    cross-spawn "^7.0.3"
    get-stream "^6.0.1"
    human-signals "^3.0.1"
    is-stream "^3.0.0"
    merge-stream "^2.0.0"
    npm-run-path "^5.1.0"
    onetime "^6.0.0"
    signal-exit "^3.0.7"
    strip-final-newline "^3.0.0"

follow-redirects@^1.14.0:
  version "1.14.9"
  resolved "https://registry.npmjs.org/follow-redirects/-/follow-redirects-1.14.9.tgz"
  integrity sha512-MQDfihBQYMcyy5dhRDJUHcw7lb2Pv/TuE6xP1vyraLukNDHKbDxDNaOE3NbCAdKQApno+GPRyo1YAp89yCjK4w==

fs-minipass@^2.0.0:
  version "2.1.0"
  resolved "https://registry.npmjs.org/fs-minipass/-/fs-minipass-2.1.0.tgz"
  integrity sha512-V/JgOLFCS+R6Vcq0slCuaeWEdNC3ouDlJMNIsacH2VtALiu9mV4LPrHc5cDl8k5aw6J8jwgWWpiTo5RYhmIzvg==
  dependencies:
    minipass "^3.0.0"

fs.realpath@^1.0.0:
  version "1.0.0"
  resolved "https://registry.npmjs.org/fs.realpath/-/fs.realpath-1.0.0.tgz"
  integrity sha1-FQStJSMVjKpA20onh8sBQRmU6k8=

get-stream@^6.0.1:
  version "6.0.1"
  resolved "https://registry.npmjs.org/get-stream/-/get-stream-6.0.1.tgz"
  integrity sha512-ts6Wi+2j3jQjqi70w5AlN8DFnkSwC+MqmxEzdEALB2qXZYV3X/b1CTfgPLGJNMeAWxdPfU8FO1ms3NUfaHCPYg==

glob@^7.1.3:
  version "7.1.6"
  resolved "https://registry.npmjs.org/glob/-/glob-7.1.6.tgz"
  integrity sha512-LwaxwyZ72Lk7vZINtNNrywX0ZuLyStrdDtabefZKAY5ZGJhVtgdznluResxNmPitE0SAO+O26sWTHeKSI2wMBA==
  dependencies:
    fs.realpath "^1.0.0"
    inflight "^1.0.4"
    inherits "2"
    minimatch "^3.0.4"
    once "^1.3.0"
    path-is-absolute "^1.0.0"

html-rewriter-wasm@^0.4.1:
  version "0.4.1"
  resolved "https://registry.npmjs.org/html-rewriter-wasm/-/html-rewriter-wasm-0.4.1.tgz"
  integrity sha512-lNovG8CMCCmcVB1Q7xggMSf7tqPCijZXaH4gL6iE8BFghdQCbaY5Met9i1x2Ex8m/cZHDUtXK9H6/znKamRP8Q==

htmlparser2@^8.0.1:
  version "8.0.1"
  resolved "https://registry.npmjs.org/htmlparser2/-/htmlparser2-8.0.1.tgz"
  integrity sha512-4lVbmc1diZC7GUJQtRQ5yBAeUCL1exyMwmForWkRLnwyzWBFxN633SALPMGYaWZvKe9j1pRZJpauvmxENSp/EA==
  dependencies:
    domelementtype "^2.3.0"
    domhandler "^5.0.2"
    domutils "^3.0.1"
    entities "^4.3.0"

http-cache-semantics@^4.1.0:
  version "4.1.1"
  resolved "https://registry.npmjs.org/http-cache-semantics/-/http-cache-semantics-4.1.1.tgz"
  integrity sha512-er295DKPVsV82j5kw1Gjt+ADA/XYHsajl82cGNQG2eyoPkvgUhX+nDIyelzhIWbbsXP39EHcI6l5tYs2FYqYXQ==

human-signals@^3.0.1:
  version "3.0.1"
  resolved "https://registry.npmjs.org/human-signals/-/human-signals-3.0.1.tgz"
  integrity sha512-rQLskxnM/5OCldHo+wNXbpVgDn5A17CUoKX+7Sokwaknlq7CdSnphy0W39GU8dw59XiCXmFXDg4fRuckQRKewQ==

inflight@^1.0.4:
  version "1.0.6"
  resolved "https://registry.npmjs.org/inflight/-/inflight-1.0.6.tgz"
  integrity sha1-Sb1jMdfQLQwJvJEKEHW6gWW1bfk=
  dependencies:
    once "^1.3.0"
    wrappy "1"

inherits@2:
  version "2.0.4"
  resolved "https://registry.npmjs.org/inherits/-/inherits-2.0.4.tgz"
  integrity sha512-k/vGaX4/Yla3WzyMCvTQOXYeIHvqOKtnqBduzTHpzpQZzAskKMhZ2K+EnBiSM9zGSoIFeMpXKxa4dYeZIQqewQ==

is-stream@^3.0.0:
  version "3.0.0"
  resolved "https://registry.npmjs.org/is-stream/-/is-stream-3.0.0.tgz"
  integrity sha512-LnQR4bZ9IADDRSkvpqMGvt/tEJWclzklNgSw48V5EAaAeDd6qGvN8ei6k5p0tvxSR171VmGyHuTiAOfxAbr8kA==

isexe@^2.0.0:
  version "2.0.0"
  resolved "https://registry.npmjs.org/isexe/-/isexe-2.0.0.tgz"
  integrity sha512-RHxMLp9lnKHGHRng9QFhRCMbYAcVpn69smSGcq3f36xjgVVWThj4qqLbTLlq7Ssj8B+fIQ1EuCEGI2lKsyQeIw==

kleur@^4.1.4:
  version "4.1.5"
  resolved "https://registry.npmjs.org/kleur/-/kleur-4.1.5.tgz"
  integrity sha512-o+NO+8WrRiQEE4/7nwRJhN1HWpVmJm511pBHUxPLtp0BUISzlBplORYSmTclCnJvQq2tKu/sgl3xVpkc7ZWuQQ==

lru-cache@^6.0.0:
  version "6.0.0"
  resolved "https://registry.npmjs.org/lru-cache/-/lru-cache-6.0.0.tgz"
  integrity sha512-Jo6dJ04CmSjuznwJSS3pUeWmd/H0ffTlkXXgwZi+eq1UCmqQwCh+eLsYOYCwY991i2Fah4h1BEMCx4qThGbsiA==
  dependencies:
    yallist "^4.0.0"

merge-stream@^2.0.0:
  version "2.0.0"
  resolved "https://registry.npmjs.org/merge-stream/-/merge-stream-2.0.0.tgz"
  integrity sha512-abv/qOcuPfk3URPfDzmZU1LKmuw8kT+0nIHvKrKgFrwifol/doWcdA4ZqsWQ8ENrFKkd67Mfpo/LovbIUsbt3w==

mimic-fn@^4.0.0:
  version "4.0.0"
  resolved "https://registry.npmjs.org/mimic-fn/-/mimic-fn-4.0.0.tgz"
  integrity sha512-vqiC06CuhBTUdZH+RYl8sFrL096vA45Ok5ISO6sE/Mr1jRbGH4Csnhi8f3wKVl7x8mO4Au7Ir9D3Oyv1VYMFJw==

miniflare@^2.12.0:
  version "2.12.0"
  resolved "https://registry.npmjs.org/miniflare/-/miniflare-2.12.0.tgz"
  integrity sha512-Af90T8nzDkZFNSYnOZB/ne7TjsIIPZ23BAmIks1itDUwDvuFooEbDnuvBgjyksg3WBm6o5QB4y2+Dx8/j8mptg==
  dependencies:
    "@miniflare/cache" "2.12.0"
    "@miniflare/cli-parser" "2.12.0"
    "@miniflare/core" "2.12.0"
    "@miniflare/d1" "2.12.0"
    "@miniflare/durable-objects" "2.12.0"
    "@miniflare/html-rewriter" "2.12.0"
    "@miniflare/http-server" "2.12.0"
    "@miniflare/kv" "2.12.0"
    "@miniflare/queues" "2.12.0"
    "@miniflare/r2" "2.12.0"
    "@miniflare/runner-vm" "2.12.0"
    "@miniflare/scheduler" "2.12.0"
    "@miniflare/shared" "2.12.0"
    "@miniflare/sites" "2.12.0"
    "@miniflare/storage-file" "2.12.0"
    "@miniflare/storage-memory" "2.12.0"
    "@miniflare/web-sockets" "2.12.0"
    kleur "^4.1.4"
    semiver "^1.1.0"
    source-map-support "^0.5.20"
    undici "5.11.0"

minimatch@^3.0.4:
  version "3.0.4"
  resolved "https://registry.npmjs.org/minimatch/-/minimatch-3.0.4.tgz"
  integrity sha512-yJHVQEhyqPLUTgt9B83PXu6W3rx4MvvHvSUvToogpwoGDOUQ+yDrR0HRot+yOCdCO7u4hX3pWft6kWBBcqh0UA==
  dependencies:
    brace-expansion "^1.1.7"

minipass@^3.0.0:
  version "3.1.3"
  resolved "https://registry.npmjs.org/minipass/-/minipass-3.1.3.tgz"
  integrity sha512-Mgd2GdMVzY+x3IJ+oHnVM+KG3lA5c8tnabyJKmHSaG2kAGpudxuOf8ToDkhumF7UzME7DecbQE9uOZhNm7PuJg==
  dependencies:
    yallist "^4.0.0"

minizlib@^2.1.1:
  version "2.1.2"
  resolved "https://registry.npmjs.org/minizlib/-/minizlib-2.1.2.tgz"
  integrity sha512-bAxsR8BVfj60DWXHE3u30oHzfl4G7khkSuPW+qvpd7jFRHm7dLxOjUk1EHACJ/hxLY8phGJ0YhYHZo7jil7Qdg==
  dependencies:
    minipass "^3.0.0"
    yallist "^4.0.0"

mkdirp@^1.0.3:
  version "1.0.4"
  resolved "https://registry.npmjs.org/mkdirp/-/mkdirp-1.0.4.tgz"
  integrity sha512-vVqVZQyf3WLx2Shd0qJ9xuvqgAyKPLAiqITEtqW0oIUjzo3PePDd6fW9iFz30ef7Ysp/oiWqbhszeGWW2T6Gzw==

mustache@^4.2.0:
  version "4.2.0"
  resolved "https://registry.npmjs.org/mustache/-/mustache-4.2.0.tgz"
  integrity sha512-71ippSywq5Yb7/tVYyGbkBggbU8H3u5Rz56fH60jGFgr8uHwxs+aSKeqmluIVzM0m0kB7xQjKS6qPfd0b2ZoqQ==

node-forge@^1:
  version "1.3.1"
  resolved "https://registry.npmjs.org/node-forge/-/node-forge-1.3.1.tgz"
  integrity sha512-dPEtOeMvF9VMcYV/1Wb8CPoVAXtp6MKMlcbAt4ddqmGqUJ6fQZFXkNZNkNlfevtNkGtaSoXf/vNNNSvgrdXwtA==

npm-run-path@^5.1.0:
  version "5.1.0"
  resolved "https://registry.npmjs.org/npm-run-path/-/npm-run-path-5.1.0.tgz"
  integrity sha512-sJOdmRGrY2sjNTRMbSvluQqg+8X7ZK61yvzBEIDhz4f8z1TZFYABsqjjCBd/0PUNE9M6QDgHJXQkGUEm7Q+l9Q==
  dependencies:
    path-key "^4.0.0"

npx-import@^1.1.4:
  version "1.1.4"
  resolved "https://registry.npmjs.org/npx-import/-/npx-import-1.1.4.tgz"
  integrity sha512-3ShymTWOgqGyNlh5lMJAejLuIv3W1K3fbI5Ewc6YErZU3Sp0PqsNs8UIU1O8z5+KVl/Du5ag56Gza9vdorGEoA==
  dependencies:
    execa "^6.1.0"
    parse-package-name "^1.0.0"
    semver "^7.3.7"
    validate-npm-package-name "^4.0.0"

nth-check@^2.0.1:
  version "2.1.1"
  resolved "https://registry.npmjs.org/nth-check/-/nth-check-2.1.1.tgz"
  integrity sha512-lqjrjmaOoAnWfMmBPL+XNnynZh2+swxiX3WUE0s4yEHI6m+AwrK2UZOimIRl3X/4QctVqS8AiZjFqyOGrMXb/w==
  dependencies:
    boolbase "^1.0.0"

once@^1.3.0:
  version "1.4.0"
  resolved "https://registry.npmjs.org/once/-/once-1.4.0.tgz"
  integrity sha1-WDsap3WWHUsROsF9nFC6753Xa9E=
  dependencies:
    wrappy "1"

onetime@^6.0.0:
  version "6.0.0"
  resolved "https://registry.npmjs.org/onetime/-/onetime-6.0.0.tgz"
  integrity sha512-1FlR+gjXK7X+AsAHso35MnyN5KqGwJRi/31ft6x0M194ht7S+rWAvd7PHss9xSKMzE0asv1pyIHaJYq+BbacAQ==
  dependencies:
    mimic-fn "^4.0.0"

parse-package-name@^1.0.0:
  version "1.0.0"
  resolved "https://registry.npmjs.org/parse-package-name/-/parse-package-name-1.0.0.tgz"
  integrity sha512-kBeTUtcj+SkyfaW4+KBe0HtsloBJ/mKTPoxpVdA57GZiPerREsUWJOhVj9anXweFiJkm5y8FG1sxFZkZ0SN6wg==

parse5-htmlparser2-tree-adapter@^7.0.0:
  version "7.0.0"
  resolved "https://registry.npmjs.org/parse5-htmlparser2-tree-adapter/-/parse5-htmlparser2-tree-adapter-7.0.0.tgz"
  integrity sha512-B77tOZrqqfUfnVcOrUvfdLbz4pu4RopLD/4vmu3HUPswwTA8OH0EMW9BlWR2B0RCoiZRAHEUu7IxeP1Pd1UU+g==
  dependencies:
    domhandler "^5.0.2"
    parse5 "^7.0.0"

parse5@^7.0.0:
  version "7.1.2"
  resolved "https://registry.npmjs.org/parse5/-/parse5-7.1.2.tgz"
  integrity sha512-Czj1WaSVpaoj0wbhMzLmWD69anp2WH7FXMB9n1Sy8/ZFF9jolSQVMu1Ij5WIyGmcBmhk7EOndpO4mIpihVqAXw==
  dependencies:
    entities "^4.4.0"

path-is-absolute@^1.0.0:
  version "1.0.1"
  resolved "https://registry.npmjs.org/path-is-absolute/-/path-is-absolute-1.0.1.tgz"
  integrity sha1-F0uSaHNVNP+8es5r9TpanhtcX18=

path-key@^3.1.0:
  version "3.1.1"
  resolved "https://registry.npmjs.org/path-key/-/path-key-3.1.1.tgz"
  integrity sha512-ojmeN0qd+y0jszEtoY48r0Peq5dwMEkIlCOu6Q5f41lfkswXuKtYrhgoTpLnyIcHm24Uhqx+5Tqm2InSwLhE6Q==

path-key@^4.0.0:
  version "4.0.0"
  resolved "https://registry.npmjs.org/path-key/-/path-key-4.0.0.tgz"
  integrity sha512-haREypq7xkM7ErfgIyA0z+Bj4AGKlMSdlQE2jvJo6huWD1EdkKYV+G/T4nq0YEF2vgTT8kqMFKo1uHn950r4SQ==

picomatch@^2.3.1:
  version "2.3.1"
  resolved "https://registry.npmjs.org/picomatch/-/picomatch-2.3.1.tgz"
  integrity sha512-JU3teHTNjmE2VCGFzuY8EXzCDVwEqB2a8fsIvwaStHhAWJEeVd1o1QD80CU6+ZdEXXSLbSsuLwJjkCBWqRQUVA==

rimraf@^3.0.2:
  version "3.0.2"
  resolved "https://registry.npmjs.org/rimraf/-/rimraf-3.0.2.tgz"
  integrity sha512-JZkJMZkAGFFPP2YqXZXPbMlMBgsxzE8ILs4lMIX/2o0L9UBw9O/Y3o6wFw/i9YLapcUJWwqbi3kdxIPdC62TIA==
  dependencies:
    glob "^7.1.3"

selfsigned@^2.0.0:
  version "2.1.1"
  resolved "https://registry.npmjs.org/selfsigned/-/selfsigned-2.1.1.tgz"
  integrity sha512-GSL3aowiF7wa/WtSFwnUrludWFoNhftq8bUkH9pkzjpN2XSPOAYEgg6e0sS9s0rZwgJzJiQRPU18A6clnoW5wQ==
  dependencies:
    node-forge "^1"

semiver@^1.1.0:
  version "1.1.0"
  resolved "https://registry.npmjs.org/semiver/-/semiver-1.1.0.tgz"
  integrity sha512-QNI2ChmuioGC1/xjyYwyZYADILWyW6AmS1UH6gDj/SFUUUS4MBAWs/7mxnkRPc/F4iHezDP+O8t0dO8WHiEOdg==

semver@^7.0.0, semver@^7.3.7:
  version "7.3.8"
  resolved "https://registry.npmjs.org/semver/-/semver-7.3.8.tgz"
  integrity sha512-NB1ctGL5rlHrPJtFDVIVzTyQylMLu9N9VICA6HSFJo8MCGVTMW6gfpicwKmmK/dAjTOrqu5l63JJOpDSrAis3A==
  dependencies:
    lru-cache "^6.0.0"

set-cookie-parser@^2.4.8:
  version "2.5.1"
  resolved "https://registry.npmjs.org/set-cookie-parser/-/set-cookie-parser-2.5.1.tgz"
  integrity sha512-1jeBGaKNGdEq4FgIrORu/N570dwoPYio8lSoYLWmX7sQ//0JY08Xh9o5pBcgmHQ/MbsYp/aZnOe1s1lIsbLprQ==

shebang-command@^2.0.0:
  version "2.0.0"
  resolved "https://registry.npmjs.org/shebang-command/-/shebang-command-2.0.0.tgz"
  integrity sha512-kHxr2zZpYtdmrN1qDjrrX/Z1rR1kG8Dx+gkpK1G4eXmvXswmcE1hTWBWYUzlraYw1/yZp6YuDY77YtvbN0dmDA==
  dependencies:
    shebang-regex "^3.0.0"

shebang-regex@^3.0.0:
  version "3.0.0"
  resolved "https://registry.npmjs.org/shebang-regex/-/shebang-regex-3.0.0.tgz"
  integrity sha512-7++dFhtcx3353uBaq8DDR4NuxBetBzC7ZQOhmTQInHEd6bSrXdiEyzCvG07Z44UYdLShWUyXt5M/yhz8ekcb1A==

signal-exit@^3.0.7:
  version "3.0.7"
  resolved "https://registry.npmjs.org/signal-exit/-/signal-exit-3.0.7.tgz"
  integrity sha512-wnD2ZE+l+SPC/uoS0vXeE9L1+0wuaMqKlfz9AMUo38JsyLSBWSFcHR1Rri62LZc12vLr1gb3jl7iwQhgwpAbGQ==

source-map-support@^0.5.20:
  version "0.5.21"
  resolved "https://registry.npmjs.org/source-map-support/-/source-map-support-0.5.21.tgz"
  integrity sha512-uBHU3L3czsIyYXKX88fdrGovxdSCoTGDRZ6SYXtSRxLZUzHg5P/66Ht6uoUlHu9EZod+inXhKo3qQgwXUT/y1w==
  dependencies:
    buffer-from "^1.0.0"
    source-map "^0.6.0"

source-map@^0.6.0:
  version "0.6.1"
  resolved "https://registry.npmjs.org/source-map/-/source-map-0.6.1.tgz"
  integrity sha512-UjgapumWlbMhkBgzT7Ykc5YXUT46F0iKu8SGXq0bcwP5dz/h0Plj6enJqjz1Zbq2l5WaqYnrVbwWOWMyF3F47g==

stack-trace@0.0.10:
  version "0.0.10"
  resolved "https://registry.npmjs.org/stack-trace/-/stack-trace-0.0.10.tgz"
  integrity sha512-KGzahc7puUKkzyMt+IqAep+TVNbKP+k2Lmwhub39m1AsTSkaDutx56aDCo+HLDzf/D26BIHTJWNiTG1KAJiQCg==

streamsearch@^1.1.0:
  version "1.1.0"
  resolved "https://registry.npmjs.org/streamsearch/-/streamsearch-1.1.0.tgz"
  integrity sha512-Mcc5wHehp9aXz1ax6bZUyY5afg9u2rv5cqQI3mRrYkGC8rW2hM02jWuwjtL++LS5qinSyhj2QfLyNsuc+VsExg==

strip-final-newline@^3.0.0:
  version "3.0.0"
  resolved "https://registry.npmjs.org/strip-final-newline/-/strip-final-newline-3.0.0.tgz"
  integrity sha512-dOESqjYr96iWYylGObzd39EuNTa5VJxyvVAEm5Jnh7KGo75V43Hk1odPQkNDyXNmUR6k+gEiDVXnjB8HJ3crXw==

tar@^6.1.10:
  version "6.1.10"
  resolved "https://registry.npmjs.org/tar/-/tar-6.1.10.tgz"
  integrity sha512-kvvfiVvjGMxeUNB6MyYv5z7vhfFRwbwCXJAeL0/lnbrttBVqcMOnpHUf0X42LrPMR8mMpgapkJMchFH4FSHzNA==
  dependencies:
    chownr "^2.0.0"
    fs-minipass "^2.0.0"
    minipass "^3.0.0"
    minizlib "^2.1.1"
    mkdirp "^1.0.3"
    yallist "^4.0.0"

undici@5.11.0:
  version "5.11.0"
  resolved "https://registry.npmjs.org/undici/-/undici-5.11.0.tgz"
  integrity sha512-oWjWJHzFet0Ow4YZBkyiJwiK5vWqEYoH7BINzJAJOLedZ++JpAlCbUktW2GQ2DS2FpKmxD/JMtWUUWl1BtghGw==
  dependencies:
    busboy "^1.6.0"

urlpattern-polyfill@^4.0.3:
  version "4.0.3"
  resolved "https://registry.npmjs.org/urlpattern-polyfill/-/urlpattern-polyfill-4.0.3.tgz"
  integrity sha512-DOE84vZT2fEcl9gqCUTcnAw5ZY5Id55ikUcziSUntuEFL3pRvavg5kwDmTEUJkeCHInTlV/HexFomgYnzO5kdQ==

validate-npm-package-name@^4.0.0:
  version "4.0.0"
  resolved "https://registry.npmjs.org/validate-npm-package-name/-/validate-npm-package-name-4.0.0.tgz"
  integrity sha512-mzR0L8ZDktZjpX4OB46KT+56MAhl4EIazWP/+G/HPGuvfdaqg4YsCdtOm6U9+LOFyYDoh4dpnpxZRB9MQQns5Q==
  dependencies:
    builtins "^5.0.0"

which@^2.0.1:
  version "2.0.2"
  resolved "https://registry.npmjs.org/which/-/which-2.0.2.tgz"
  integrity sha512-BLI3Tl1TW3Pvl70l3yq3Y64i+awpwXqsGBYWkkqMtnbXgrMD+yj7rhW0kuEDxzJaYXGjEW5ogapKNMEKNMjibA==
  dependencies:
    isexe "^2.0.0"

wrappy@1:
  version "1.0.2"
  resolved "https://registry.npmjs.org/wrappy/-/wrappy-1.0.2.tgz"
  integrity sha1-tSQ9jz7BqjXxNkYFvA0QNuMKtp8=

ws@^8.2.2:
  version "8.12.1"
  resolved "https://registry.npmjs.org/ws/-/ws-8.12.1.tgz"
  integrity sha512-1qo+M9Ba+xNhPB+YTWUlK6M17brTut5EXbcBaMRN5pH5dFrXz7lzz1ChFSUq3bOUl8yEvSenhHmYUNJxFzdJew==

yallist@^4.0.0:
  version "4.0.0"
  resolved "https://registry.npmjs.org/yallist/-/yallist-4.0.0.tgz"
  integrity sha512-3wdGidZyq5PB084XLES5TpOSRA3wjXAlIWMhum2kRcv/41Sn2emQ0dycQW4uZXLejwKvg6EsvbdlVL+FYEct7A==

youch@^2.2.2:
  version "2.2.2"
  resolved "https://registry.npmjs.org/youch/-/youch-2.2.2.tgz"
  integrity sha512-/FaCeG3GkuJwaMR34GHVg0l8jCbafZLHiFowSjqLlqhC6OMyf2tPJBu8UirF7/NI9X/R5ai4QfEKUCOxMAGxZQ==
  dependencies:
    "@types/stack-trace" "0.0.29"
    cookie "^0.4.1"
    mustache "^4.2.0"
    stack-trace "0.0.10"
