# THIS IS AN AUTOGENERATED FILE. DO NOT EDIT THIS FILE DIRECTLY.
# yarn lockfile v1


"@cloudflare/kv-asset-handler@^0.3.0":
  "integrity" "sha512-9CB/MKf/wdvbfkUdfrj+OkEwZ5b7rws0eogJ4293h+7b6KX5toPwym+VQKmILafNB9YiehqY0DlNrDcDhdWHSQ=="
  "resolved" "https://registry.npmjs.org/@cloudflare/kv-asset-handler/-/kv-asset-handler-0.3.0.tgz"
  "version" "0.3.0"
  dependencies:
    "mime" "^3.0.0"

"@esbuild/win32-x64@0.17.8":
  "integrity" "sha512-1iuezdyDNngPnz8rLRDO2C/ZZ/emJLb72OsZeqQ6gL6Avko/XCXZw+NuxBSNhBAP13Hie418V7VMt9et1FMvpg=="
  "resolved" "https://registry.npmjs.org/@esbuild/win32-x64/-/win32-x64-0.17.8.tgz"
  "version" "0.17.8"

"@iarna/toml@^2.2.5":
  "integrity" "sha512-trnsAYxU3xnS1gPHPyU961coFyLkh4gAD/0zQ5mymY4yOZ+CYvsPqUbOFSw0aDM4y0tV7tiFxL/1XfXPNC6IPg=="
  "resolved" "https://registry.npmjs.org/@iarna/toml/-/toml-2.2.5.tgz"
  "version" "2.2.5"

"@miniflare/cache@2.12.0":
  "integrity" "sha512-rAeuCqjevXrNbMimN22Sa70PieiHvjeILHDOBObQ/0GqVNn/cFO6L/v9GYT8R4X5XhHoIuqo6cvZQrxERySDyQ=="
  "resolved" "https://registry.npmjs.org/@miniflare/cache/-/cache-2.12.0.tgz"
  "version" "2.12.0"
  dependencies:
    "@miniflare/core" "2.12.0"
    "@miniflare/shared" "2.12.0"
    "http-cache-semantics" "^4.1.0"
    "undici" "5.11.0"

"@miniflare/cli-parser@2.12.0":
  "integrity" "sha512-F+fUhJbAAqlKHfFHRyP/jsbNwP57uAU/IypLg+0i1mEhy1foq6XAVQrldsmHZPvKp/YUHWyMxKcWeDfMY3qnxg=="
  "resolved" "https://registry.npmjs.org/@miniflare/cli-parser/-/cli-parser-2.12.0.tgz"
  "version" "2.12.0"
  dependencies:
    "@miniflare/shared" "2.12.0"
    "kleur" "^4.1.4"

"@miniflare/core@2.12.0":
  "integrity" "sha512-TrlmF3lrXhPlkheNiYGFkVTEhZyN/ok7F42+csE7UDPZpm94n4VqbT/85ssAy5rOJRVlyscHMExrrPeB40L34A=="
  "resolved" "https://registry.npmjs.org/@miniflare/core/-/core-2.12.0.tgz"
  "version" "2.12.0"
  dependencies:
    "@iarna/toml" "^2.2.5"
    "@miniflare/queues" "2.12.0"
    "@miniflare/shared" "2.12.0"
    "@miniflare/watcher" "2.12.0"
    "busboy" "^1.6.0"
    "dotenv" "^10.0.0"
    "kleur" "^4.1.4"
    "set-cookie-parser" "^2.4.8"
    "undici" "5.11.0"
    "urlpattern-polyfill" "^4.0.3"

"@miniflare/d1@2.12.0":
  "integrity" "sha512-KmaJoXnijuwldplWYnORy3/A2H6XKtrk51HUUe3hg6/JL46L3c7iRrKmruYUC5VtVwWMpvWzGT5uQfpdGQdiHw=="
  "resolved" "https://registry.npmjs.org/@miniflare/d1/-/d1-2.12.0.tgz"
  "version" "2.12.0"
  dependencies:
    "@miniflare/core" "2.12.0"
    "@miniflare/shared" "2.12.0"

"@miniflare/durable-objects@2.12.0":
  "integrity" "sha512-tK0teVpYlT6R2rjvUlLoqf/7+3K3/XKzkJnG40Rtn6pNddtIyzGilmc8YHUpw3FFhOLaN+o5bDe01PRjOAQ9vA=="
  "resolved" "https://registry.npmjs.org/@miniflare/durable-objects/-/durable-objects-2.12.0.tgz"
  "version" "2.12.0"
  dependencies:
    "@miniflare/core" "2.12.0"
    "@miniflare/shared" "2.12.0"
    "@miniflare/storage-memory" "2.12.0"
    "undici" "5.11.0"

"@miniflare/html-rewriter@2.12.0":
  "integrity" "sha512-aNZUh9uTr6nFg2Pn4sB5swRCBA/Oj66N8kDWZhjy56jpFq9w3XuZKc80GuPXKak9n4yLZB4d+cpEK4aVmn7cFg=="
  "resolved" "https://registry.npmjs.org/@miniflare/html-rewriter/-/html-rewriter-2.12.0.tgz"
  "version" "2.12.0"
  dependencies:
    "@miniflare/core" "2.12.0"
    "@miniflare/shared" "2.12.0"
    "html-rewriter-wasm" "^0.4.1"
    "undici" "5.11.0"

"@miniflare/http-server@2.12.0":
  "integrity" "sha512-OWOssYXgKUYpbzhMD0l5Lq4j0GLNQLXLaraQrhmTK/x1Y4RVPcrlEgShoQ/Adlmc9rU3LEV8uQBXLAfYCQrH3Q=="
  "resolved" "https://registry.npmjs.org/@miniflare/http-server/-/http-server-2.12.0.tgz"
  "version" "2.12.0"
  dependencies:
    "@miniflare/core" "2.12.0"
    "@miniflare/shared" "2.12.0"
    "@miniflare/web-sockets" "2.12.0"
    "kleur" "^4.1.4"
    "selfsigned" "^2.0.0"
    "undici" "5.11.0"
    "ws" "^8.2.2"
    "youch" "^2.2.2"

"@miniflare/kv@2.12.0":
  "integrity" "sha512-7EvlgeOeIDEFcFyimzuErkqhS1sB7MqRur7z07VmzdpEx3Ud15/XNGANSM0jd4Iv8pLPPJAq4ESnoJPS7R6m+Q=="
  "resolved" "https://registry.npmjs.org/@miniflare/kv/-/kv-2.12.0.tgz"
  "version" "2.12.0"
  dependencies:
    "@miniflare/shared" "2.12.0"

"@miniflare/queues@2.12.0":
  "integrity" "sha512-NSR2lSpK4xrrugj3vDaA9181sCydshff/1onAz7ypHOpWMrFebM8BWBeAT7Q1ktkn6633ropqHdOzwjByJj0EQ=="
  "resolved" "https://registry.npmjs.org/@miniflare/queues/-/queues-2.12.0.tgz"
  "version" "2.12.0"
  dependencies:
    "@miniflare/shared" "2.12.0"

"@miniflare/r2@2.12.0":
  "integrity" "sha512-FW9s61B3AOXbKfGNXnDKMVF7Tbx12f7+W/4HJdrqeuu1bgG9oBhCLELZ9UrIPNw3QF5a6Z39pKGu3HnxuH59Mg=="
  "resolved" "https://registry.npmjs.org/@miniflare/r2/-/r2-2.12.0.tgz"
  "version" "2.12.0"
  dependencies:
    "@miniflare/shared" "2.12.0"
    "undici" "5.11.0"

"@miniflare/runner-vm@2.12.0":
  "integrity" "sha512-4o0VGR9ih3fp+np1L94W/nxGf2M0gTe/3drZjUmCHvgPsdBcUHqhquT3uEVX3x7HBhCKprU1X5VifMOVRo+Zwg=="
  "resolved" "https://registry.npmjs.org/@miniflare/runner-vm/-/runner-vm-2.12.0.tgz"
  "version" "2.12.0"
  dependencies:
    "@miniflare/shared" "2.12.0"

"@miniflare/scheduler@2.12.0":
  "integrity" "sha512-mFh+xxwbPHiUGP/8o2Qe63m/4ianMdb0MkPMksTP1gg/xRj0nybv7gj0V/iZ+RrjM0t1mYoA0keT3RjgpKlDEA=="
  "resolved" "https://registry.npmjs.org/@miniflare/scheduler/-/scheduler-2.12.0.tgz"
  "version" "2.12.0"
  dependencies:
    "@miniflare/core" "2.12.0"
    "@miniflare/shared" "2.12.0"
    "cron-schedule" "^3.0.4"

"@miniflare/shared@2.12.0":
  "integrity" "sha512-hxBZv0bhiSuUwEtIBmfnBvH3Zfv4OU0LVtKGc98icGQyI5pocBhMy9bXthZdEybQv7MikVp5HEFV2KRCudg2GA=="
  "resolved" "https://registry.npmjs.org/@miniflare/shared/-/shared-2.12.0.tgz"
  "version" "2.12.0"
  dependencies:
    "@types/better-sqlite3" "^7.6.0"
    "kleur" "^4.1.4"
    "npx-import" "^1.1.4"
    "picomatch" "^2.3.1"

"@miniflare/sites@2.12.0":
  "integrity" "sha512-ueUSfELJPzIWrv75HWpcMc989+LYZgwzglagW/pYC/oMc0fVYOXC6Ro/MUBrR3yUA9i8ySap4NOK3oO9dsSR9Q=="
  "resolved" "https://registry.npmjs.org/@miniflare/sites/-/sites-2.12.0.tgz"
  "version" "2.12.0"
  dependencies:
    "@miniflare/kv" "2.12.0"
    "@miniflare/shared" "2.12.0"
    "@miniflare/storage-file" "2.12.0"

"@miniflare/storage-file@2.12.0":
  "integrity" "sha512-KA1Uh02pE82McUr07b1oW4kv6dkE1xjBhjY0L0JzNT7tfm6yUvv1u3Xp0r84x5BC7p/0yqVq2zWE7PC+smbqyQ=="
  "resolved" "https://registry.npmjs.org/@miniflare/storage-file/-/storage-file-2.12.0.tgz"
  "version" "2.12.0"
  dependencies:
    "@miniflare/shared" "2.12.0"
    "@miniflare/storage-memory" "2.12.0"

"@miniflare/storage-memory@2.12.0":
  "integrity" "sha512-riBoz0p8xKyPUbYy3HUc1mowAMinTxhkdBVorrdqAUucwK4HLGpVL9C1q8e10JZYpHkl/wde4puQId2ajWP+lg=="
  "resolved" "https://registry.npmjs.org/@miniflare/storage-memory/-/storage-memory-2.12.0.tgz"
  "version" "2.12.0"
  dependencies:
    "@miniflare/shared" "2.12.0"

"@miniflare/watcher@2.12.0":
  "integrity" "sha512-IH4bENdS2xM+KhlJ/1wAt0FGtOClQ+ortaycIA/FTxaS7v+hu3qha6DlV3/LKM1y3r1IcPK5+fEDrf+RPcEgJA=="
  "resolved" "https://registry.npmjs.org/@miniflare/watcher/-/watcher-2.12.0.tgz"
  "version" "2.12.0"
  dependencies:
    "@miniflare/shared" "2.12.0"

"@miniflare/web-sockets@2.12.0":
  "integrity" "sha512-g8evGvmku5t6BdDDPvhhnpmTJU/iMJhwpMFRdX1j3gzY5aLjpS8E2ISE5hrXZyasygyYqrD0oMoAulI3R9PHog=="
  "resolved" "https://registry.npmjs.org/@miniflare/web-sockets/-/web-sockets-2.12.0.tgz"
  "version" "2.12.0"
  dependencies:
    "@miniflare/core" "2.12.0"
    "@miniflare/shared" "2.12.0"
    "undici" "5.11.0"
    "ws" "^8.2.2"

"@types/better-sqlite3@^7.6.0":
  "integrity" "sha512-YS64N9SNDT/NAvou3QNdzAu3E2om/W/0dhORimtPGLef+zSK5l1vDzfsWb4xgXOgfhtOI5ZDTRxnvRPb22AIVQ=="
  "resolved" "https://registry.npmjs.org/@types/better-sqlite3/-/better-sqlite3-7.6.3.tgz"
  "version" "7.6.3"
  dependencies:
    "@types/node" "*"

"@types/node@*":
  "integrity" "sha512-gC3TazRzGoOnoKAhUx+Q0t8S9Tzs74z7m0ipwGpSqQrleP14hKxP4/JUeEQcD3W1/aIpnWl8pHowI7WokuZpXg=="
  "resolved" "https://registry.npmjs.org/@types/node/-/node-18.13.0.tgz"
  "version" "18.13.0"

"@types/stack-trace@0.0.29":
  "integrity" "sha512-TgfOX+mGY/NyNxJLIbDWrO9DjGoVSW9+aB8H2yy1fy32jsvxijhmyJI9fDFgvz3YP4lvJaq9DzdR/M1bOgVc9g=="
  "resolved" "https://registry.npmjs.org/@types/stack-trace/-/stack-trace-0.0.29.tgz"
  "version" "0.0.29"

"@types/webidl-conversions@*":
  "integrity" "sha512-xTE1E+YF4aWPJJeUzaZI5DRntlkY3+BCVJi0axFptnjGmAoWxkyREIh/XMrfxVLejwQxMCfDXdICo0VLxThrog=="
  "resolved" "https://registry.npmjs.org/@types/webidl-conversions/-/webidl-conversions-7.0.0.tgz"
  "version" "7.0.0"

"@types/whatwg-url@^8.2.1":
  "integrity" "sha512-FtQu10RWgn3D9U4aazdwIE2yzphmTJREDqNdODHrbrZmmMqI0vMheC/6NE/J1Yveaj8H+ela+YwWTjq5PGmuhA=="
  "resolved" "https://registry.npmjs.org/@types/whatwg-url/-/whatwg-url-8.2.2.tgz"
  "version" "8.2.2"
  dependencies:
    "@types/node" "*"
    "@types/webidl-conversions" "*"

"bson@^5.0.0":
  "integrity" "sha512-y09gBGusgHtinMon/GVbv1J6FrXhnr/+6hqLlSmEFzkz6PodqF6TxjyvfvY3AfO+oG1mgUtbC86xSbOlwvM62Q=="
  "resolved" "https://registry.npmjs.org/bson/-/bson-5.0.1.tgz"
  "version" "5.0.1"

"buffer-from@^1.0.0":
  "integrity" "sha512-E+XQCRwSbaaiChtv6k6Dwgc+bx+Bs6vuKJHHl5kox/BaKbhiXzqQOwK4cO22yElGp2OCmjwVhT3HmxgyPGnJfQ=="
  "resolved" "https://registry.npmjs.org/buffer-from/-/buffer-from-1.1.2.tgz"
  "version" "1.1.2"

"builtins@^5.0.0":
  "integrity" "sha512-qwVpFEHNfhYJIzNRBvd2C1kyo6jz3ZSMPyyuR47OPdiKWlbYnZNyDWuyR175qDnAJLiCo5fBBqPb3RiXgWlkOQ=="
  "resolved" "https://registry.npmjs.org/builtins/-/builtins-5.0.1.tgz"
  "version" "5.0.1"
  dependencies:
    "semver" "^7.0.0"

"busboy@^1.6.0":
  "integrity" "sha512-8SFQbg/0hQ9xy3UNTB0YEnsNBbWfhf7RtnzpL7TkBiTBRfrQ9Fxcnz7VJsleJpyp6rVLvXiuORqjlHi5q+PYuA=="
  "resolved" "https://registry.npmjs.org/busboy/-/busboy-1.6.0.tgz"
  "version" "1.6.0"
  dependencies:
    "streamsearch" "^1.1.0"

"cookie@^0.4.1":
  "integrity" "sha512-aSWTXFzaKWkvHO1Ny/s+ePFpvKsPnjc551iI41v3ny/ow6tBG5Vd+FuqGNhh1LxOmVzOlGUriIlOaokOvhaStA=="
  "resolved" "https://registry.npmjs.org/cookie/-/cookie-0.4.2.tgz"
  "version" "0.4.2"

"cron-schedule@^3.0.4":
  "integrity" "sha512-izfGgKyzzIyLaeb1EtZ3KbglkS6AKp9cv7LxmiyoOu+fXfol1tQDC0Cof0enVZGNtudTHW+3lfuW9ZkLQss4Wg=="
  "resolved" "https://registry.npmjs.org/cron-schedule/-/cron-schedule-3.0.6.tgz"
  "version" "3.0.6"

"cross-spawn@^7.0.3":
  "integrity" "sha512-iRDPJKUPVEND7dHPO8rkbOnPpyDygcDFtWjpeWNCgy8WP2rXcxXL8TskReQl6OrB2G7+UJrags1q15Fudc7G6w=="
  "resolved" "https://registry.npmjs.org/cross-spawn/-/cross-spawn-7.0.3.tgz"
  "version" "7.0.3"
  dependencies:
    "path-key" "^3.1.0"
    "shebang-command" "^2.0.0"
    "which" "^2.0.1"

"dotenv@^10.0.0":
  "integrity" "sha512-rlBi9d8jpv9Sf1klPjNfFAuWDjKLwTIJJ/VxtoTwIR6hnZxcEOQCZg2oIL3MWBYw5GpUDKOEnND7LXTbIpQ03Q=="
  "resolved" "https://registry.npmjs.org/dotenv/-/dotenv-10.0.0.tgz"
  "version" "10.0.0"

"esbuild@^0.17.8":
  "integrity" "sha512-g24ybC3fWhZddZK6R3uD2iF/RIPnRpwJAqLov6ouX3hMbY4+tKolP0VMF3zuIYCaXun+yHwS5IPQ91N2BT191g=="
  "resolved" "https://registry.npmjs.org/esbuild/-/esbuild-0.17.8.tgz"
  "version" "0.17.8"
  optionalDependencies:
    "@esbuild/android-arm" "0.17.8"
    "@esbuild/android-arm64" "0.17.8"
    "@esbuild/android-x64" "0.17.8"
    "@esbuild/darwin-arm64" "0.17.8"
    "@esbuild/darwin-x64" "0.17.8"
    "@esbuild/freebsd-arm64" "0.17.8"
    "@esbuild/freebsd-x64" "0.17.8"
    "@esbuild/linux-arm" "0.17.8"
    "@esbuild/linux-arm64" "0.17.8"
    "@esbuild/linux-ia32" "0.17.8"
    "@esbuild/linux-loong64" "0.17.8"
    "@esbuild/linux-mips64el" "0.17.8"
    "@esbuild/linux-ppc64" "0.17.8"
    "@esbuild/linux-riscv64" "0.17.8"
    "@esbuild/linux-s390x" "0.17.8"
    "@esbuild/linux-x64" "0.17.8"
    "@esbuild/netbsd-x64" "0.17.8"
    "@esbuild/openbsd-x64" "0.17.8"
    "@esbuild/sunos-x64" "0.17.8"
    "@esbuild/win32-arm64" "0.17.8"
    "@esbuild/win32-ia32" "0.17.8"
    "@esbuild/win32-x64" "0.17.8"

"execa@^6.1.0":
  "integrity" "sha512-QVWlX2e50heYJcCPG0iWtf8r0xjEYfz/OYLGDYH+IyjWezzPNxz63qNFOu0l4YftGWuizFVZHHs8PrLU5p2IDA=="
  "resolved" "https://registry.npmjs.org/execa/-/execa-6.1.0.tgz"
  "version" "6.1.0"
  dependencies:
    "cross-spawn" "^7.0.3"
    "get-stream" "^6.0.1"
    "human-signals" "^3.0.1"
    "is-stream" "^3.0.0"
    "merge-stream" "^2.0.0"
    "npm-run-path" "^5.1.0"
    "onetime" "^6.0.0"
    "signal-exit" "^3.0.7"
    "strip-final-newline" "^3.0.0"

"get-stream@^6.0.1":
  "integrity" "sha512-ts6Wi+2j3jQjqi70w5AlN8DFnkSwC+MqmxEzdEALB2qXZYV3X/b1CTfgPLGJNMeAWxdPfU8FO1ms3NUfaHCPYg=="
  "resolved" "https://registry.npmjs.org/get-stream/-/get-stream-6.0.1.tgz"
  "version" "6.0.1"

"html-rewriter-wasm@^0.4.1":
  "integrity" "sha512-lNovG8CMCCmcVB1Q7xggMSf7tqPCijZXaH4gL6iE8BFghdQCbaY5Met9i1x2Ex8m/cZHDUtXK9H6/znKamRP8Q=="
  "resolved" "https://registry.npmjs.org/html-rewriter-wasm/-/html-rewriter-wasm-0.4.1.tgz"
  "version" "0.4.1"

"http-cache-semantics@^4.1.0":
  "integrity" "sha512-er295DKPVsV82j5kw1Gjt+ADA/XYHsajl82cGNQG2eyoPkvgUhX+nDIyelzhIWbbsXP39EHcI6l5tYs2FYqYXQ=="
  "resolved" "https://registry.npmjs.org/http-cache-semantics/-/http-cache-semantics-4.1.1.tgz"
  "version" "4.1.1"

"human-signals@^3.0.1":
  "integrity" "sha512-rQLskxnM/5OCldHo+wNXbpVgDn5A17CUoKX+7Sokwaknlq7CdSnphy0W39GU8dw59XiCXmFXDg4fRuckQRKewQ=="
  "resolved" "https://registry.npmjs.org/human-signals/-/human-signals-3.0.1.tgz"
  "version" "3.0.1"

"ip@^2.0.0":
  "integrity" "sha512-WKa+XuLG1A1R0UWhl2+1XQSi+fZWMsYKffMZTTYsiZaUD8k2yDAj5atimTUD2TZkyCkNEeYE5NhFZmupOGtjYQ=="
  "resolved" "https://registry.npmjs.org/ip/-/ip-2.0.0.tgz"
  "version" "2.0.0"

"is-stream@^3.0.0":
  "integrity" "sha512-LnQR4bZ9IADDRSkvpqMGvt/tEJWclzklNgSw48V5EAaAeDd6qGvN8ei6k5p0tvxSR171VmGyHuTiAOfxAbr8kA=="
  "resolved" "https://registry.npmjs.org/is-stream/-/is-stream-3.0.0.tgz"
  "version" "3.0.0"

"isexe@^2.0.0":
  "integrity" "sha512-RHxMLp9lnKHGHRng9QFhRCMbYAcVpn69smSGcq3f36xjgVVWThj4qqLbTLlq7Ssj8B+fIQ1EuCEGI2lKsyQeIw=="
  "resolved" "https://registry.npmjs.org/isexe/-/isexe-2.0.0.tgz"
  "version" "2.0.0"

"kleur@^4.1.4":
  "integrity" "sha512-o+NO+8WrRiQEE4/7nwRJhN1HWpVmJm511pBHUxPLtp0BUISzlBplORYSmTclCnJvQq2tKu/sgl3xVpkc7ZWuQQ=="
  "resolved" "https://registry.npmjs.org/kleur/-/kleur-4.1.5.tgz"
  "version" "4.1.5"

"lru-cache@^6.0.0":
  "integrity" "sha512-Jo6dJ04CmSjuznwJSS3pUeWmd/H0ffTlkXXgwZi+eq1UCmqQwCh+eLsYOYCwY991i2Fah4h1BEMCx4qThGbsiA=="
  "resolved" "https://registry.npmjs.org/lru-cache/-/lru-cache-6.0.0.tgz"
  "version" "6.0.0"
  dependencies:
    "yallist" "^4.0.0"

"memory-pager@^1.0.2":
  "integrity" "sha512-ZS4Bp4r/Zoeq6+NLJpP+0Zzm0pR8whtGPf1XExKLJBAczGMnSi3It14OiNCStjQjM6NU1okjQGSxgEZN8eBYKg=="
  "resolved" "https://registry.npmjs.org/memory-pager/-/memory-pager-1.5.0.tgz"
  "version" "1.5.0"

"merge-stream@^2.0.0":
  "integrity" "sha512-abv/qOcuPfk3URPfDzmZU1LKmuw8kT+0nIHvKrKgFrwifol/doWcdA4ZqsWQ8ENrFKkd67Mfpo/LovbIUsbt3w=="
  "resolved" "https://registry.npmjs.org/merge-stream/-/merge-stream-2.0.0.tgz"
  "version" "2.0.0"

"mime@^3.0.0":
  "integrity" "sha512-jSCU7/VB1loIWBZe14aEYHU/+1UMEHoaO7qxCOVJOw9GgH72VAWppxNcjU+x9a2k3GSIBXNKxXQFqRvvZ7vr3A=="
  "resolved" "https://registry.npmjs.org/mime/-/mime-3.0.0.tgz"
  "version" "3.0.0"

"mimic-fn@^4.0.0":
  "integrity" "sha512-vqiC06CuhBTUdZH+RYl8sFrL096vA45Ok5ISO6sE/Mr1jRbGH4Csnhi8f3wKVl7x8mO4Au7Ir9D3Oyv1VYMFJw=="
  "resolved" "https://registry.npmjs.org/mimic-fn/-/mimic-fn-4.0.0.tgz"
  "version" "4.0.0"

"miniflare@^2.12.0":
  "integrity" "sha512-Af90T8nzDkZFNSYnOZB/ne7TjsIIPZ23BAmIks1itDUwDvuFooEbDnuvBgjyksg3WBm6o5QB4y2+Dx8/j8mptg=="
  "resolved" "https://registry.npmjs.org/miniflare/-/miniflare-2.12.0.tgz"
  "version" "2.12.0"
  dependencies:
    "@miniflare/cache" "2.12.0"
    "@miniflare/cli-parser" "2.12.0"
    "@miniflare/core" "2.12.0"
    "@miniflare/d1" "2.12.0"
    "@miniflare/durable-objects" "2.12.0"
    "@miniflare/html-rewriter" "2.12.0"
    "@miniflare/http-server" "2.12.0"
    "@miniflare/kv" "2.12.0"
    "@miniflare/queues" "2.12.0"
    "@miniflare/r2" "2.12.0"
    "@miniflare/runner-vm" "2.12.0"
    "@miniflare/scheduler" "2.12.0"
    "@miniflare/shared" "2.12.0"
    "@miniflare/sites" "2.12.0"
    "@miniflare/storage-file" "2.12.0"
    "@miniflare/storage-memory" "2.12.0"
    "@miniflare/web-sockets" "2.12.0"
    "kleur" "^4.1.4"
    "semiver" "^1.1.0"
    "source-map-support" "^0.5.20"
    "undici" "5.11.0"

"mongodb-connection-string-url@^2.6.0":
  "integrity" "sha512-WvTZlI9ab0QYtTYnuMLgobULWhokRjtC7db9LtcVfJ+Hsnyr5eo6ZtNAt3Ly24XZScGMelOcGtm7lSn0332tPQ=="
  "resolved" "https://registry.npmjs.org/mongodb-connection-string-url/-/mongodb-connection-string-url-2.6.0.tgz"
  "version" "2.6.0"
  dependencies:
    "@types/whatwg-url" "^8.2.1"
    "whatwg-url" "^11.0.0"

"mongodb@^5.0.1":
  "integrity" "sha512-KpjtY+NWFmcic6UDYEdfn768ZTuKyv7CRaui7ZSd6q/0/o1AURMC7KygTUwB1Cl8V10Pe5NiP+Y2eBMCDs/ygQ=="
  "resolved" "https://registry.npmjs.org/mongodb/-/mongodb-5.0.1.tgz"
  "version" "5.0.1"
  dependencies:
    "bson" "^5.0.0"
    "mongodb-connection-string-url" "^2.6.0"
    "socks" "^2.7.1"
  optionalDependencies:
    "saslprep" "^1.0.3"

"mustache@^4.2.0":
  "integrity" "sha512-71ippSywq5Yb7/tVYyGbkBggbU8H3u5Rz56fH60jGFgr8uHwxs+aSKeqmluIVzM0m0kB7xQjKS6qPfd0b2ZoqQ=="
  "resolved" "https://registry.npmjs.org/mustache/-/mustache-4.2.0.tgz"
  "version" "4.2.0"

"node-forge@^1":
  "integrity" "sha512-dPEtOeMvF9VMcYV/1Wb8CPoVAXtp6MKMlcbAt4ddqmGqUJ6fQZFXkNZNkNlfevtNkGtaSoXf/vNNNSvgrdXwtA=="
  "resolved" "https://registry.npmjs.org/node-forge/-/node-forge-1.3.1.tgz"
  "version" "1.3.1"

"npm-run-path@^5.1.0":
  "integrity" "sha512-sJOdmRGrY2sjNTRMbSvluQqg+8X7ZK61yvzBEIDhz4f8z1TZFYABsqjjCBd/0PUNE9M6QDgHJXQkGUEm7Q+l9Q=="
  "resolved" "https://registry.npmjs.org/npm-run-path/-/npm-run-path-5.1.0.tgz"
  "version" "5.1.0"
  dependencies:
    "path-key" "^4.0.0"

"npx-import@^1.1.4":
  "integrity" "sha512-3ShymTWOgqGyNlh5lMJAejLuIv3W1K3fbI5Ewc6YErZU3Sp0PqsNs8UIU1O8z5+KVl/Du5ag56Gza9vdorGEoA=="
  "resolved" "https://registry.npmjs.org/npx-import/-/npx-import-1.1.4.tgz"
  "version" "1.1.4"
  dependencies:
    "execa" "^6.1.0"
    "parse-package-name" "^1.0.0"
    "semver" "^7.3.7"
    "validate-npm-package-name" "^4.0.0"

"onetime@^6.0.0":
  "integrity" "sha512-1FlR+gjXK7X+AsAHso35MnyN5KqGwJRi/31ft6x0M194ht7S+rWAvd7PHss9xSKMzE0asv1pyIHaJYq+BbacAQ=="
  "resolved" "https://registry.npmjs.org/onetime/-/onetime-6.0.0.tgz"
  "version" "6.0.0"
  dependencies:
    "mimic-fn" "^4.0.0"

"parse-package-name@^1.0.0":
  "integrity" "sha512-kBeTUtcj+SkyfaW4+KBe0HtsloBJ/mKTPoxpVdA57GZiPerREsUWJOhVj9anXweFiJkm5y8FG1sxFZkZ0SN6wg=="
  "resolved" "https://registry.npmjs.org/parse-package-name/-/parse-package-name-1.0.0.tgz"
  "version" "1.0.0"

"path-key@^3.1.0":
  "integrity" "sha512-ojmeN0qd+y0jszEtoY48r0Peq5dwMEkIlCOu6Q5f41lfkswXuKtYrhgoTpLnyIcHm24Uhqx+5Tqm2InSwLhE6Q=="
  "resolved" "https://registry.npmjs.org/path-key/-/path-key-3.1.1.tgz"
  "version" "3.1.1"

"path-key@^4.0.0":
  "integrity" "sha512-haREypq7xkM7ErfgIyA0z+Bj4AGKlMSdlQE2jvJo6huWD1EdkKYV+G/T4nq0YEF2vgTT8kqMFKo1uHn950r4SQ=="
  "resolved" "https://registry.npmjs.org/path-key/-/path-key-4.0.0.tgz"
  "version" "4.0.0"

"picomatch@^2.3.1":
  "integrity" "sha512-JU3teHTNjmE2VCGFzuY8EXzCDVwEqB2a8fsIvwaStHhAWJEeVd1o1QD80CU6+ZdEXXSLbSsuLwJjkCBWqRQUVA=="
  "resolved" "https://registry.npmjs.org/picomatch/-/picomatch-2.3.1.tgz"
  "version" "2.3.1"

"punycode@^2.1.1":
  "integrity" "sha512-rRV+zQD8tVFys26lAGR9WUuS4iUAngJScM+ZRSKtvl5tKeZ2t5bvdNFdNHBW9FWR4guGHlgmsZ1G7BSm2wTbuA=="
  "resolved" "https://registry.npmjs.org/punycode/-/punycode-2.3.0.tgz"
  "version" "2.3.0"

"saslprep@^1.0.3":
  "integrity" "sha512-/MY/PEMbk2SuY5sScONwhUDsV2p77Znkb/q3nSVstq/yQzYJOH/Azh29p9oJLsl3LnQwSvZDKagDGBsBwSooag=="
  "resolved" "https://registry.npmjs.org/saslprep/-/saslprep-1.0.3.tgz"
  "version" "1.0.3"
  dependencies:
    "sparse-bitfield" "^3.0.3"

"selfsigned@^2.0.0":
  "integrity" "sha512-GSL3aowiF7wa/WtSFwnUrludWFoNhftq8bUkH9pkzjpN2XSPOAYEgg6e0sS9s0rZwgJzJiQRPU18A6clnoW5wQ=="
  "resolved" "https://registry.npmjs.org/selfsigned/-/selfsigned-2.1.1.tgz"
  "version" "2.1.1"
  dependencies:
    "node-forge" "^1"

"semiver@^1.1.0":
  "integrity" "sha512-QNI2ChmuioGC1/xjyYwyZYADILWyW6AmS1UH6gDj/SFUUUS4MBAWs/7mxnkRPc/F4iHezDP+O8t0dO8WHiEOdg=="
  "resolved" "https://registry.npmjs.org/semiver/-/semiver-1.1.0.tgz"
  "version" "1.1.0"

"semver@^7.0.0", "semver@^7.3.7":
  "integrity" "sha512-NB1ctGL5rlHrPJtFDVIVzTyQylMLu9N9VICA6HSFJo8MCGVTMW6gfpicwKmmK/dAjTOrqu5l63JJOpDSrAis3A=="
  "resolved" "https://registry.npmjs.org/semver/-/semver-7.3.8.tgz"
  "version" "7.3.8"
  dependencies:
    "lru-cache" "^6.0.0"

"set-cookie-parser@^2.4.8":
  "integrity" "sha512-1jeBGaKNGdEq4FgIrORu/N570dwoPYio8lSoYLWmX7sQ//0JY08Xh9o5pBcgmHQ/MbsYp/aZnOe1s1lIsbLprQ=="
  "resolved" "https://registry.npmjs.org/set-cookie-parser/-/set-cookie-parser-2.5.1.tgz"
  "version" "2.5.1"

"shebang-command@^2.0.0":
  "integrity" "sha512-kHxr2zZpYtdmrN1qDjrrX/Z1rR1kG8Dx+gkpK1G4eXmvXswmcE1hTWBWYUzlraYw1/yZp6YuDY77YtvbN0dmDA=="
  "resolved" "https://registry.npmjs.org/shebang-command/-/shebang-command-2.0.0.tgz"
  "version" "2.0.0"
  dependencies:
    "shebang-regex" "^3.0.0"

"shebang-regex@^3.0.0":
  "integrity" "sha512-7++dFhtcx3353uBaq8DDR4NuxBetBzC7ZQOhmTQInHEd6bSrXdiEyzCvG07Z44UYdLShWUyXt5M/yhz8ekcb1A=="
  "resolved" "https://registry.npmjs.org/shebang-regex/-/shebang-regex-3.0.0.tgz"
  "version" "3.0.0"

"signal-exit@^3.0.7":
  "integrity" "sha512-wnD2ZE+l+SPC/uoS0vXeE9L1+0wuaMqKlfz9AMUo38JsyLSBWSFcHR1Rri62LZc12vLr1gb3jl7iwQhgwpAbGQ=="
  "resolved" "https://registry.npmjs.org/signal-exit/-/signal-exit-3.0.7.tgz"
  "version" "3.0.7"

"smart-buffer@^4.2.0":
  "integrity" "sha512-94hK0Hh8rPqQl2xXc3HsaBoOXKV20MToPkcXvwbISWLEs+64sBq5kFgn2kJDHb1Pry9yrP0dxrCI9RRci7RXKg=="
  "resolved" "https://registry.npmjs.org/smart-buffer/-/smart-buffer-4.2.0.tgz"
  "version" "4.2.0"

"socks@^2.7.1":
  "integrity" "sha512-7maUZy1N7uo6+WVEX6psASxtNlKaNVMlGQKkG/63nEDdLOWNbiUMoLK7X4uYoLhQstau72mLgfEWcXcwsaHbYQ=="
  "resolved" "https://registry.npmjs.org/socks/-/socks-2.7.1.tgz"
  "version" "2.7.1"
  dependencies:
    "ip" "^2.0.0"
    "smart-buffer" "^4.2.0"

"source-map-support@^0.5.20":
  "integrity" "sha512-uBHU3L3czsIyYXKX88fdrGovxdSCoTGDRZ6SYXtSRxLZUzHg5P/66Ht6uoUlHu9EZod+inXhKo3qQgwXUT/y1w=="
  "resolved" "https://registry.npmjs.org/source-map-support/-/source-map-support-0.5.21.tgz"
  "version" "0.5.21"
  dependencies:
    "buffer-from" "^1.0.0"
    "source-map" "^0.6.0"

"source-map@^0.6.0":
  "integrity" "sha512-UjgapumWlbMhkBgzT7Ykc5YXUT46F0iKu8SGXq0bcwP5dz/h0Plj6enJqjz1Zbq2l5WaqYnrVbwWOWMyF3F47g=="
  "resolved" "https://registry.npmjs.org/source-map/-/source-map-0.6.1.tgz"
  "version" "0.6.1"

"sparse-bitfield@^3.0.3":
  "integrity" "sha512-kvzhi7vqKTfkh0PZU+2D2PIllw2ymqJKujUcyPMd9Y75Nv4nPbGJZXNhxsgdQab2BmlDct1YnfQCguEvHr7VsQ=="
  "resolved" "https://registry.npmjs.org/sparse-bitfield/-/sparse-bitfield-3.0.3.tgz"
  "version" "3.0.3"
  dependencies:
    "memory-pager" "^1.0.2"

"stack-trace@0.0.10":
  "integrity" "sha512-KGzahc7puUKkzyMt+IqAep+TVNbKP+k2Lmwhub39m1AsTSkaDutx56aDCo+HLDzf/D26BIHTJWNiTG1KAJiQCg=="
  "resolved" "https://registry.npmjs.org/stack-trace/-/stack-trace-0.0.10.tgz"
  "version" "0.0.10"

"streamsearch@^1.1.0":
  "integrity" "sha512-Mcc5wHehp9aXz1ax6bZUyY5afg9u2rv5cqQI3mRrYkGC8rW2hM02jWuwjtL++LS5qinSyhj2QfLyNsuc+VsExg=="
  "resolved" "https://registry.npmjs.org/streamsearch/-/streamsearch-1.1.0.tgz"
  "version" "1.1.0"

"strip-final-newline@^3.0.0":
  "integrity" "sha512-dOESqjYr96iWYylGObzd39EuNTa5VJxyvVAEm5Jnh7KGo75V43Hk1odPQkNDyXNmUR6k+gEiDVXnjB8HJ3crXw=="
  "resolved" "https://registry.npmjs.org/strip-final-newline/-/strip-final-newline-3.0.0.tgz"
  "version" "3.0.0"

"tr46@^3.0.0":
  "integrity" "sha512-l7FvfAHlcmulp8kr+flpQZmVwtu7nfRV7NZujtN0OqES8EL4O4e0qqzL0DC5gAvx/ZC/9lk6rhcUwYvkBnBnYA=="
  "resolved" "https://registry.npmjs.org/tr46/-/tr46-3.0.0.tgz"
  "version" "3.0.0"
  dependencies:
    "punycode" "^2.1.1"

"undici@5.11.0":
  "integrity" "sha512-oWjWJHzFet0Ow4YZBkyiJwiK5vWqEYoH7BINzJAJOLedZ++JpAlCbUktW2GQ2DS2FpKmxD/JMtWUUWl1BtghGw=="
  "resolved" "https://registry.npmjs.org/undici/-/undici-5.11.0.tgz"
  "version" "5.11.0"
  dependencies:
    "busboy" "^1.6.0"

"urlpattern-polyfill@^4.0.3":
  "integrity" "sha512-DOE84vZT2fEcl9gqCUTcnAw5ZY5Id55ikUcziSUntuEFL3pRvavg5kwDmTEUJkeCHInTlV/HexFomgYnzO5kdQ=="
  "resolved" "https://registry.npmjs.org/urlpattern-polyfill/-/urlpattern-polyfill-4.0.3.tgz"
  "version" "4.0.3"

"validate-npm-package-name@^4.0.0":
  "integrity" "sha512-mzR0L8ZDktZjpX4OB46KT+56MAhl4EIazWP/+G/HPGuvfdaqg4YsCdtOm6U9+LOFyYDoh4dpnpxZRB9MQQns5Q=="
  "resolved" "https://registry.npmjs.org/validate-npm-package-name/-/validate-npm-package-name-4.0.0.tgz"
  "version" "4.0.0"
  dependencies:
    "builtins" "^5.0.0"

"webidl-conversions@^7.0.0":
  "integrity" "sha512-VwddBukDzu71offAQR975unBIGqfKZpM+8ZX6ySk8nYhVoo5CYaZyzt3YBvYtRtO+aoGlqxPg/B87NGVZ/fu6g=="
  "resolved" "https://registry.npmjs.org/webidl-conversions/-/webidl-conversions-7.0.0.tgz"
  "version" "7.0.0"

"whatwg-url@^11.0.0":
  "integrity" "sha512-RKT8HExMpoYx4igMiVMY83lN6UeITKJlBQ+vR/8ZJ8OCdSiN3RwCq+9gH0+Xzj0+5IrM6i4j/6LuvzbZIQgEcQ=="
  "resolved" "https://registry.npmjs.org/whatwg-url/-/whatwg-url-11.0.0.tgz"
  "version" "11.0.0"
  dependencies:
    "tr46" "^3.0.0"
    "webidl-conversions" "^7.0.0"

"which@^2.0.1":
  "integrity" "sha512-BLI3Tl1TW3Pvl70l3yq3Y64i+awpwXqsGBYWkkqMtnbXgrMD+yj7rhW0kuEDxzJaYXGjEW5ogapKNMEKNMjibA=="
  "resolved" "https://registry.npmjs.org/which/-/which-2.0.2.tgz"
  "version" "2.0.2"
  dependencies:
    "isexe" "^2.0.0"

"ws@^8.2.2":
  "integrity" "sha512-1qo+M9Ba+xNhPB+YTWUlK6M17brTut5EXbcBaMRN5pH5dFrXz7lzz1ChFSUq3bOUl8yEvSenhHmYUNJxFzdJew=="
  "resolved" "https://registry.npmjs.org/ws/-/ws-8.12.1.tgz"
  "version" "8.12.1"

"yallist@^4.0.0":
  "integrity" "sha512-3wdGidZyq5PB084XLES5TpOSRA3wjXAlIWMhum2kRcv/41Sn2emQ0dycQW4uZXLejwKvg6EsvbdlVL+FYEct7A=="
  "resolved" "https://registry.npmjs.org/yallist/-/yallist-4.0.0.tgz"
  "version" "4.0.0"

"youch@^2.2.2":
  "integrity" "sha512-/FaCeG3GkuJwaMR34GHVg0l8jCbafZLHiFowSjqLlqhC6OMyf2tPJBu8UirF7/NI9X/R5ai4QfEKUCOxMAGxZQ=="
  "resolved" "https://registry.npmjs.org/youch/-/youch-2.2.2.tgz"
  "version" "2.2.2"
  dependencies:
    "@types/stack-trace" "0.0.29"
    "cookie" "^0.4.1"
    "mustache" "^4.2.0"
    "stack-trace" "0.0.10"
